
Microsoft Visual Studio Solution File, Format Version 12.00
# Visual Studio 15
VisualStudioVersion = 15.0.27004.2005
MinimumVisualStudioVersion = 10.0.40219.1
Project("{FAE04EC0-301F-11D3-BF4B-00C04F79EFBC}") = "Host", "Host\Host.csproj", "{9FA575FC-D76E-4677-B5B5-04D7263F06A0}"
EndProject
Global
	GlobalSection(SolutionConfigurationPlatforms) = preSolution
		Debug|Any CPU = Debug|Any CPU
		Release|Any CPU = Release|Any CPU
	EndGlobalSection
	GlobalSection(ProjectConfigurationPlatforms) = postSolution
		{9FA575FC-D76E-4677-B5B5-04D7263F06A0}.Debug|Any CPU.ActiveCfg = Debug|Any CPU
		{9FA575FC-D76E-4677-B5B5-04D7263F06A0}.Debug|Any CPU.Build.0 = Debug|Any CPU
		{9FA575FC-D76E-4677-B5B5-04D7263F06A0}.Release|Any CPU.ActiveCfg = Release|Any CPU
		{9FA575FC-D76E-4677-B5B5-04D7263F06A0}.Release|Any CPU.Build.0 = Release|Any CPU
	EndGlobalSection
	GlobalSection(SolutionProperties) = preSolution
		HideSolutionNode = FALSE
	EndGlobalSection
	GlobalSection(ExtensibilityGlobals) = postSolution
		SolutionGuid = {0BF57A7E-4E00-47F0-9AC7-FB31C842263A}
	EndGlobalSection
EndGlobal
